<?xml version="1.0" encoding="utf-8"?>
<Project ToolsVersion="4.0" xmlns="http://schemas.microsoft.com/developer/msbuild/2003">
  <ItemGroup>
    <Filter Include="Source Files">
      <UniqueIdentifier>{4FC737F1-C7A5-4376-A066-2A32D752A2FF}</UniqueIdentifier>
      <Extensions>cpp;c;cc;cxx;def;odl;idl;hpj;bat;asm;asmx</Extensions>
    </Filter>
    <Filter Include="Header Files">
      <UniqueIdentifier>{93995380-89BD-4b04-88EB-625FBE52EBFB}</UniqueIdentifier>
      <Extensions>h;hh;hpp;hxx;hm;inl;inc;xsd</Extensions>
    </Filter>
    <Filter Include="Resource Files">
      <UniqueIdentifier>{67DA6AB6-F800-4c08-8B7A-83BB121AAD01}</UniqueIdentifier>
      <Extensions>rc;ico;cur;bmp;dlg;rc2;rct;bin;rgs;gif;jpg;jpeg;jpe;resx;tiff;tif;png;wav;mfcribbon-ms</Extensions>
    </Filter>
    <Filter Include="Header Files\python">
      <UniqueIdentifier>{a8585469-b721-46df-8549-71d20f1970b5}</UniqueIdentifier>
    </Filter>
    <Filter Include="Source Files\python">
      <UniqueIdentifier>{665aa499-3c55-4f5e-ab70-81021e2de32d}</UniqueIdentifier>
    </Filter>
  </ItemGroup>
  <ItemGroup>
    <ClCompile Include="source\main.cpp">
      <Filter>Source Files</Filter>
    </ClCompile>
    <ClCompile Include="source\python\py_plot.cpp">
      <Filter>Source Files\python</Filter>
    </ClCompile>
  </ItemGroup>
  <ItemGroup>
    <ClInclude Include="include\activations.hpp">
      <Filter>Header Files</Filter>
    </ClInclude>
    <ClInclude Include="include\cost.hpp">
      <Filter>Header Files</Filter>
    </ClInclude>
    <ClInclude Include="include\settings.hpp">
      <Filter>Header Files</Filter>
    </ClInclude>
    <ClInclude Include="include\layer.hpp">
      <Filter>Header Files</Filter>
    </ClInclude>
    <ClInclude Include="include\timing.hpp">
      <Filter>Header Files</Filter>
    </ClInclude>
    <ClInclude Include="include\weight_initialization.hpp">
      <Filter>Header Files</Filter>
    </ClInclude>
    <ClInclude Include="include\network.hpp">
      <Filter>Header Files</Filter>
    </ClInclude>
    <ClInclude Include="include\mnist.hpp">
      <Filter>Header Files</Filter>
    </ClInclude>
    <ClInclude Include="include\python\py_plot.h">
      <Filter>Header Files\python</Filter>
    </ClInclude>
  </ItemGroup>
</Project>